# THIS IS AN AUTOGENERATED FILE. DO NOT EDIT THIS FILE DIRECTLY.
# yarn lockfile v1


"@tensorflow-models/universal-sentence-encoder@^1.3.2":
  "integrity" "sha512-BhkKsFSwyps8JJQIlQPKyY9WdBsSW0H/DuZIecfECvOXrPOgLYECINMI46TFDs1L70+6bNS3FXzw08qAttWmAw=="
  "resolved" "https://registry.npmjs.org/@tensorflow-models/universal-sentence-encoder/-/universal-sentence-encoder-1.3.2.tgz"
  "version" "1.3.2"

"@tensorflow/tfjs-backend-cpu@3.3.0":
  "integrity" "sha512-DLctv+PUZni26kQW1hq8jwQQ8u+GGc/p764WQIC4/IDagGtfGAUW1mHzWcTxtni2l4re1VrwE41ogWLhv4sGHg=="
  "resolved" "https://registry.npmjs.org/@tensorflow/tfjs-backend-cpu/-/tfjs-backend-cpu-3.3.0.tgz"
  "version" "3.3.0"
  dependencies:
    "@types/seedrandom" "2.4.27"
    "seedrandom" "2.4.3"

"@tensorflow/tfjs-backend-webgl@3.3.0":
  "integrity" "sha512-GWCtXbrjPTyye3ooId9GlcNDwnIMskZarUpNIQ5g/zeISLfwEQoutA/UqJF+HzuEHgGMsWFkmaO3xKVT7UMpdg=="
  "resolved" "https://registry.npmjs.org/@tensorflow/tfjs-backend-webgl/-/tfjs-backend-webgl-3.3.0.tgz"
  "version" "3.3.0"
  dependencies:
    "@tensorflow/tfjs-backend-cpu" "3.3.0"
    "@types/offscreencanvas" "~2019.3.0"
    "@types/seedrandom" "2.4.27"
    "@types/webgl-ext" "0.0.30"
    "@types/webgl2" "0.0.5"
    "seedrandom" "2.4.3"

"@tensorflow/tfjs-converter@^2.0.1":
  "integrity" "sha512-Uv4YC66qjVC9UwBxz0IeLZ8KS2CReh63WlGRtHcSwDEYiwsa7cvp9H6lFSSPT7kiJmrK6JtHeJGIVcTuNnSt9w=="
  "resolved" "https://registry.npmjs.org/@tensorflow/tfjs-converter/-/tfjs-converter-2.8.6.tgz"
  "version" "2.8.6"

"@tensorflow/tfjs-converter@3.3.0":
  "integrity" "sha512-k57wN4yelePhmO9orcT/wzGMIuyedrMpVtg0FhxpV6BQu0+TZ/ti3W4Kb97GWJsoHKXMoing9SnioKfVnBW6hw=="
  "resolved" "https://registry.npmjs.org/@tensorflow/tfjs-converter/-/tfjs-converter-3.3.0.tgz"
  "version" "3.3.0"

"@tensorflow/tfjs-core@^2.0.1", "@tensorflow/tfjs-core@2.8.6":
  "integrity" "sha512-jS28M1POUOjnWgx3jp1v5D45DUQE8USsAHHkL/01z75KnYCAAmgqJSH4YKLiYACg3eBLWXH/KTcSc6dHAX7Kfg=="
  "resolved" "https://registry.npmjs.org/@tensorflow/tfjs-core/-/tfjs-core-2.8.6.tgz"
  "version" "2.8.6"
  dependencies:
    "@types/offscreencanvas" "~2019.3.0"
    "@types/seedrandom" "2.4.27"
    "@types/webgl-ext" "0.0.30"
    "node-fetch" "~2.6.1"
    "seedrandom" "2.4.3"

"@tensorflow/tfjs-core@3.3.0":
  "integrity" "sha512-6G+LcCiQBl4Kza5mDbWbf8QSWBTW3l7SDjGhQzMO1ITtQatHzxkuHGHcJ4CTUJvNA0JmKf4QJWOvlFqEmxwyLQ=="
  "resolved" "https://registry.npmjs.org/@tensorflow/tfjs-core/-/tfjs-core-3.3.0.tgz"
  "version" "3.3.0"
  dependencies:
    "@types/offscreencanvas" "~2019.3.0"
    "@types/seedrandom" "2.4.27"
    "@types/webgl-ext" "0.0.30"
    "node-fetch" "~2.6.1"
    "seedrandom" "2.4.3"

"@tensorflow/tfjs-data@3.3.0":
  "integrity" "sha512-0x28tRe6RJu5GmYq3IYN2GNnOgXU0nY+o6zZrlijkK+W3vjSTJlZzaBSifoeD6J8gzVpjs8W8qd/JKHQ1MQp8w=="
  "resolved" "https://registry.npmjs.org/@tensorflow/tfjs-data/-/tfjs-data-3.3.0.tgz"
  "version" "3.3.0"
  dependencies:
    "@types/node-fetch" "^2.1.2"
    "node-fetch" "~2.6.1"

"@tensorflow/tfjs-layers@3.3.0":
  "integrity" "sha512-qO+TL2I29vWUiuFcQJXNyayWFYagwR+SIfbex8p5jjYaCGHGwE5GQcrH+ngoCgKZxm5tdMvYJsJPnih2M3fYzQ=="
  "resolved" "https://registry.npmjs.org/@tensorflow/tfjs-layers/-/tfjs-layers-3.3.0.tgz"
  "version" "3.3.0"

"@tensorflow/tfjs-node@^3.3.0":
  "integrity" "sha512-grRgaXereQt5mQnu31gHCPkzA6SGReXW94b5FEMk1Psenmb0APnT7MGgZbujiMruQ81vG0/8gYA28uyZeZKcJw=="
  "resolved" "https://registry.npmjs.org/@tensorflow/tfjs-node/-/tfjs-node-3.3.0.tgz"
  "version" "3.3.0"
  dependencies:
    "@tensorflow/tfjs" "3.3.0"
    "adm-zip" "^0.4.11"
    "google-protobuf" "^3.9.2"
    "https-proxy-agent" "^2.2.1"
    "node-pre-gyp" "0.14.0"
    "progress" "^2.0.0"
    "rimraf" "^2.6.2"
    "tar" "^4.4.6"

"@tensorflow/tfjs@^3.3.0", "@tensorflow/tfjs@3.3.0":
  "integrity" "sha512-xo22GCUCGcPtNGIdDpLPrp9ms3atXmzX8AF4y3aIBEwK5KlvGe+ZhcoQ2xEOCPQGBr7NB7AO6rwT8gRoziAHVg=="
  "resolved" "https://registry.npmjs.org/@tensorflow/tfjs/-/tfjs-3.3.0.tgz"
  "version" "3.3.0"
  dependencies:
    "@tensorflow/tfjs-backend-cpu" "3.3.0"
    "@tensorflow/tfjs-backend-webgl" "3.3.0"
    "@tensorflow/tfjs-converter" "3.3.0"
    "@tensorflow/tfjs-core" "3.3.0"
    "@tensorflow/tfjs-data" "3.3.0"
    "@tensorflow/tfjs-layers" "3.3.0"
    "argparse" "^1.0.10"
    "chalk" "^4.1.0"
    "core-js" "3"
    "regenerator-runtime" "^0.13.5"
    "yargs" "^16.0.3"

"@types/node-fetch@^2.1.2":
  "integrity" "sha512-fbjI6ja0N5ZA8TV53RUqzsKNkl9fv8Oj3T7zxW7FGv1GSH7gwJaNF8dzCjrqKaxKeUpTz4yT1DaJFq/omNpGfw=="
  "resolved" "https://registry.npmjs.org/@types/node-fetch/-/node-fetch-2.5.8.tgz"
  "version" "2.5.8"
  dependencies:
    "@types/node" "*"
    "form-data" "^3.0.0"

"@types/node@*":
  "integrity" "sha512-Lt+wj8NVPx0zUmUwumiVXapmaLUcAk3yPuHCFVXras9k5VT9TdhJqKqGVUQCD60OTMCl0qxJ57OiTL0Mic3Iag=="
  "resolved" "https://registry.npmjs.org/@types/node/-/node-14.14.35.tgz"
  "version" "14.14.35"

"@types/offscreencanvas@~2019.3.0":
  "integrity" "sha512-esIJx9bQg+QYF0ra8GnvfianIY8qWB0GBx54PK5Eps6m+xTj86KLavHv6qDhzKcu5UUOgNfJ2pWaIIV7TRUd9Q=="
  "resolved" "https://registry.npmjs.org/@types/offscreencanvas/-/offscreencanvas-2019.3.0.tgz"
  "version" "2019.3.0"

"@types/seedrandom@2.4.27":
  "integrity" "sha1-nbVjk33YaRX2kJK8QyWdL0hXjkE="
  "resolved" "https://registry.npmjs.org/@types/seedrandom/-/seedrandom-2.4.27.tgz"
  "version" "2.4.27"

"@types/webgl-ext@0.0.30":
  "integrity" "sha512-LKVgNmBxN0BbljJrVUwkxwRYqzsAEPcZOe6S2T6ZaBDIrFp0qu4FNlpc5sM1tGbXUYFgdVQIoeLk1Y1UoblyEg=="
  "resolved" "https://registry.npmjs.org/@types/webgl-ext/-/webgl-ext-0.0.30.tgz"
  "version" "0.0.30"

"@types/webgl2@0.0.5":
  "integrity" "sha512-oGaKsBbxQOY5+aJFV3KECDhGaXt+yZJt2y/OZsnQGLRkH6Fvr7rv4pCt3SRH1somIHfej/c4u7NSpCyd9x+1Ow=="
  "resolved" "https://registry.npmjs.org/@types/webgl2/-/webgl2-0.0.5.tgz"
  "version" "0.0.5"

"abbrev@1":
  "integrity" "sha512-nne9/IiQ/hzIhY6pdDnbBtz7DjPTKrY00P/zvPSm5pOFkl6xuGrGnXn/VtTNNfNtAfZ9/1RtehkszU9qcTii0Q=="
  "resolved" "https://registry.npmjs.org/abbrev/-/abbrev-1.1.1.tgz"
  "version" "1.1.1"

"adm-zip@^0.4.11":
  "integrity" "sha512-TFi4HBKSGfIKsK5YCkKaaFG2m4PEDyViZmEwof3MTIgzimHLto6muaHVpbrljdIvIrFZzEq/p4nafOeLcYegrg=="
  "resolved" "https://registry.npmjs.org/adm-zip/-/adm-zip-0.4.16.tgz"
  "version" "0.4.16"

"agent-base@^4.3.0":
  "integrity" "sha512-salcGninV0nPrwpGNn4VTXBb1SOuXQBiqbrNXoeizJsHrsL6ERFM2Ne3JUSBWRE6aeNJI2ROP/WEEIDUiDe3cg=="
  "resolved" "https://registry.npmjs.org/agent-base/-/agent-base-4.3.0.tgz"
  "version" "4.3.0"
  dependencies:
    "es6-promisify" "^5.0.0"

"ansi-regex@^2.0.0":
  "integrity" "sha1-w7M6te42DYbg5ijwRorn7yfWVN8="
  "resolved" "https://registry.npmjs.org/ansi-regex/-/ansi-regex-2.1.1.tgz"
  "version" "2.1.1"

"ansi-regex@^3.0.0":
  "integrity" "sha1-7QMXwyIGT3lGbAKWa922Bas32Zg="
  "resolved" "https://registry.npmjs.org/ansi-regex/-/ansi-regex-3.0.0.tgz"
  "version" "3.0.0"

"ansi-regex@^5.0.0":
  "integrity" "sha512-bY6fj56OUQ0hU1KjFNDQuJFezqKdrAyFdIevADiqrWHwSlbmBNMHp5ak2f40Pm8JTFyM2mqxkG6ngkHO11f/lg=="
  "resolved" "https://registry.npmjs.org/ansi-regex/-/ansi-regex-5.0.0.tgz"
  "version" "5.0.0"

"ansi-styles@^4.0.0", "ansi-styles@^4.1.0":
  "integrity" "sha512-zbB9rCJAT1rbjiVDb2hqKFHNYLxgtk8NURxZ3IZwD3F6NtxbXZQCnnSi1Lkx+IDohdPlFp222wVALIheZJQSEg=="
  "resolved" "https://registry.npmjs.org/ansi-styles/-/ansi-styles-4.3.0.tgz"
  "version" "4.3.0"
  dependencies:
    "color-convert" "^2.0.1"

"aproba@^1.0.3":
  "integrity" "sha512-Y9J6ZjXtoYh8RnXVCMOU/ttDmk1aBjunq9vO0ta5x85WDQiQfUF9sIPBITdbiiIVcBo03Hi3jMxigBtsddlXRw=="
  "resolved" "https://registry.npmjs.org/aproba/-/aproba-1.2.0.tgz"
  "version" "1.2.0"

"are-we-there-yet@~1.1.2":
  "integrity" "sha512-5hYdAkZlcG8tOLujVDTgCT+uPX0VnpAH28gWsLfzpXYm7wP6mp5Q/gYyR7YQ0cKVJcXJnl3j2kpBan13PtQf6w=="
  "resolved" "https://registry.npmjs.org/are-we-there-yet/-/are-we-there-yet-1.1.5.tgz"
  "version" "1.1.5"
  dependencies:
    "delegates" "^1.0.0"
    "readable-stream" "^2.0.6"

"argparse@^1.0.10":
  "integrity" "sha512-o5Roy6tNG4SL/FOkCAN6RzjiakZS25RLYFrcMttJqbdd8BWrnA+fGz57iN5Pb06pvBGvl5gQ0B48dJlslXvoTg=="
  "resolved" "https://registry.npmjs.org/argparse/-/argparse-1.0.10.tgz"
  "version" "1.0.10"
  dependencies:
    "sprintf-js" "~1.0.2"

"asynckit@^0.4.0":
  "integrity" "sha1-x57Zf380y48robyXkLzDZkdLS3k="
  "resolved" "https://registry.npmjs.org/asynckit/-/asynckit-0.4.0.tgz"
  "version" "0.4.0"

"balanced-match@^1.0.0":
  "integrity" "sha1-ibTRmasr7kneFk6gK4nORi1xt2c="
  "resolved" "https://registry.npmjs.org/balanced-match/-/balanced-match-1.0.0.tgz"
  "version" "1.0.0"

"brace-expansion@^1.1.7":
  "integrity" "sha512-iCuPHDFgrHX7H2vEI/5xpz07zSHB00TpugqhmYtVmMO6518mCuRMoOYFldEBl0g187ufozdaHgWKcYFb61qGiA=="
  "resolved" "https://registry.npmjs.org/brace-expansion/-/brace-expansion-1.1.11.tgz"
  "version" "1.1.11"
  dependencies:
    "balanced-match" "^1.0.0"
    "concat-map" "0.0.1"

"chalk@^4.1.0":
  "integrity" "sha512-qwx12AxXe2Q5xQ43Ac//I6v5aXTipYrSESdOgzrN+9XjgEpyjpKuvSGaN4qE93f7TQTlerQQ8S+EQ0EyDoVL1A=="
  "resolved" "https://registry.npmjs.org/chalk/-/chalk-4.1.0.tgz"
  "version" "4.1.0"
  dependencies:
    "ansi-styles" "^4.1.0"
    "supports-color" "^7.1.0"

"chownr@^1.1.1":
  "integrity" "sha512-jJ0bqzaylmJtVnNgzTeSOs8DPavpbYgEr/b0YL8/2GO3xJEhInFmhKMUnEJQjZumK7KXGFhUy89PrsJWlakBVg=="
  "resolved" "https://registry.npmjs.org/chownr/-/chownr-1.1.4.tgz"
  "version" "1.1.4"

"cliui@^7.0.2":
  "integrity" "sha512-OcRE68cOsVMXp1Yvonl/fzkQOyjLSu/8bhPDfQt0e0/Eb283TKP20Fs2MqoPsr9SwA595rRCA+QMzYc9nBP+JQ=="
  "resolved" "https://registry.npmjs.org/cliui/-/cliui-7.0.4.tgz"
  "version" "7.0.4"
  dependencies:
    "string-width" "^4.2.0"
    "strip-ansi" "^6.0.0"
    "wrap-ansi" "^7.0.0"

"code-point-at@^1.0.0":
  "integrity" "sha1-DQcLTQQ6W+ozovGkDi7bPZpMz3c="
  "resolved" "https://registry.npmjs.org/code-point-at/-/code-point-at-1.1.0.tgz"
  "version" "1.1.0"

"color-convert@^2.0.1":
  "integrity" "sha512-RRECPsj7iu/xb5oKYcsFHSppFNnsj/52OVTRKb4zP5onXwVF3zVmmToNcOfGC+CRDpfK/U584fMg38ZHCaElKQ=="
  "resolved" "https://registry.npmjs.org/color-convert/-/color-convert-2.0.1.tgz"
  "version" "2.0.1"
  dependencies:
    "color-name" "~1.1.4"

"color-name@~1.1.4":
  "integrity" "sha512-dOy+3AuW3a2wNbZHIuMZpTcgjGuLU/uBL/ubcZF9OXbDo8ff4O8yVp5Bf0efS8uEoYo5q4Fx7dY9OgQGXgAsQA=="
  "resolved" "https://registry.npmjs.org/color-name/-/color-name-1.1.4.tgz"
  "version" "1.1.4"

"combined-stream@^1.0.8":
  "integrity" "sha512-FQN4MRfuJeHf7cBbBMJFXhKSDq+2kAArBlmRBvcvFE5BB1HZKXtSFASDhdlz9zOYwxh8lDdnvmMOe/+5cdoEdg=="
  "resolved" "https://registry.npmjs.org/combined-stream/-/combined-stream-1.0.8.tgz"
  "version" "1.0.8"
  dependencies:
    "delayed-stream" "~1.0.0"

"compute-cosine-similarity@^1.0.0":
  "integrity" "sha1-KfK/Lnuu+iMcq6QFkaMcF7GaTpU="
  "resolved" "https://registry.npmjs.org/compute-cosine-similarity/-/compute-cosine-similarity-1.0.0.tgz"
  "version" "1.0.0"
  dependencies:
    "compute-dot" "^1.1.0"
    "compute-l2norm" "^1.1.0"
    "validate.io-array" "^1.0.5"
    "validate.io-function" "^1.0.2"

"compute-dot@^1.1.0":
  "integrity" "sha1-AaW6LHr3O5kAKsslhFnJV2qCMtw="
  "resolved" "https://registry.npmjs.org/compute-dot/-/compute-dot-1.1.0.tgz"
  "version" "1.1.0"
  dependencies:
    "validate.io-array" "^1.0.3"
    "validate.io-function" "^1.0.2"

"compute-l2norm@^1.1.0":
  "integrity" "sha1-vQkTHGs2yNcMaDNOF2AJpOCpiaw="
  "resolved" "https://registry.npmjs.org/compute-l2norm/-/compute-l2norm-1.1.0.tgz"
  "version" "1.1.0"
  dependencies:
    "validate.io-array" "^1.0.3"
    "validate.io-function" "^1.0.2"

"concat-map@0.0.1":
  "integrity" "sha1-2Klr13/Wjfd5OnMDajug1UBdR3s="
  "resolved" "https://registry.npmjs.org/concat-map/-/concat-map-0.0.1.tgz"
  "version" "0.0.1"

"console-control-strings@^1.0.0", "console-control-strings@~1.1.0":
  "integrity" "sha1-PXz0Rk22RG6mRL9LOVB/mFEAjo4="
  "resolved" "https://registry.npmjs.org/console-control-strings/-/console-control-strings-1.1.0.tgz"
  "version" "1.1.0"

"core-js@3":
  "integrity" "sha512-gSjRvzkxQc1zjM/5paAmL4idJBFzuJoo+jDjF1tStYFMV2ERfD02HhahhCGXUyHxQRG4yFKVSdO6g62eoRMcDg=="
  "resolved" "https://registry.npmjs.org/core-js/-/core-js-3.9.1.tgz"
  "version" "3.9.1"

"core-util-is@~1.0.0":
  "integrity" "sha1-tf1UIgqivFq1eqtxQMlAdUUDwac="
  "resolved" "https://registry.npmjs.org/core-util-is/-/core-util-is-1.0.2.tgz"
  "version" "1.0.2"

"debug@^3.1.0", "debug@^3.2.6":
  "integrity" "sha512-CFjzYYAi4ThfiQvizrFQevTTXHtnCqWfe7x1AhgEscTz6ZbLbfoLRLPugTQyBth6f8ZERVUSyWHFD/7Wu4t1XQ=="
  "resolved" "https://registry.npmjs.org/debug/-/debug-3.2.7.tgz"
  "version" "3.2.7"
  dependencies:
    "ms" "^2.1.1"

"deep-extend@^0.6.0":
  "integrity" "sha512-LOHxIOaPYdHlJRtCQfDIVZtfw/ufM8+rVj649RIHzcm/vGwQRXFt6OPqIFWsm2XEMrNIEtWR64sY1LEKD2vAOA=="
  "resolved" "https://registry.npmjs.org/deep-extend/-/deep-extend-0.6.0.tgz"
  "version" "0.6.0"

"delayed-stream@~1.0.0":
  "integrity" "sha1-3zrhmayt+31ECqrgsp4icrJOxhk="
  "resolved" "https://registry.npmjs.org/delayed-stream/-/delayed-stream-1.0.0.tgz"
  "version" "1.0.0"

"delegates@^1.0.0":
  "integrity" "sha1-hMbhWbgZBP3KWaDvRM2HDTElD5o="
  "resolved" "https://registry.npmjs.org/delegates/-/delegates-1.0.0.tgz"
  "version" "1.0.0"

"detect-libc@^1.0.2":
  "integrity" "sha1-+hN8S9aY7fVc1c0CrFWfkaTEups="
  "resolved" "https://registry.npmjs.org/detect-libc/-/detect-libc-1.0.3.tgz"
  "version" "1.0.3"

"emoji-regex@^8.0.0":
  "integrity" "sha512-MSjYzcWNOA0ewAHpz0MxpYFvwg6yjy1NG3xteoqz644VCo/RPgnr1/GGt+ic3iJTzQ8Eu3TdM14SawnVUmGE6A=="
  "resolved" "https://registry.npmjs.org/emoji-regex/-/emoji-regex-8.0.0.tgz"
  "version" "8.0.0"

"es6-promise@^4.0.3":
  "integrity" "sha512-HJDGx5daxeIvxdBxvG2cb9g4tEvwIk3i8+nhX0yGrYmZUzbkdg8QbDevheDB8gd0//uPj4c1EQua8Q+MViT0/w=="
  "resolved" "https://registry.npmjs.org/es6-promise/-/es6-promise-4.2.8.tgz"
  "version" "4.2.8"

"es6-promisify@^5.0.0":
  "integrity" "sha1-UQnWLz5W6pZ8S2NQWu8IKRyKUgM="
  "resolved" "https://registry.npmjs.org/es6-promisify/-/es6-promisify-5.0.0.tgz"
  "version" "5.0.0"
  dependencies:
    "es6-promise" "^4.0.3"

"escalade@^3.1.1":
  "integrity" "sha512-k0er2gUkLf8O0zKJiAhmkTnJlTvINGv7ygDNPbeIsX/TJjGJZHuh9B2UxbsaEkmlEo9MfhrSzmhIlhRlI2GXnw=="
  "resolved" "https://registry.npmjs.org/escalade/-/escalade-3.1.1.tgz"
  "version" "3.1.1"

"form-data@^3.0.0":
  "integrity" "sha512-RHkBKtLWUVwd7SqRIvCZMEvAMoGUp0XU+seQiZejj0COz3RI3hWP4sCv3gZWWLjJTd7rGwcsF5eKZGii0r/hbg=="
  "resolved" "https://registry.npmjs.org/form-data/-/form-data-3.0.1.tgz"
  "version" "3.0.1"
  dependencies:
    "asynckit" "^0.4.0"
    "combined-stream" "^1.0.8"
    "mime-types" "^2.1.12"

"fs-minipass@^1.2.5":
  "integrity" "sha512-GWSSJGFy4e9GUeCcbIkED+bgAoFyj7XF1mV8rma3QW4NIqX9Kyx79N/PF61H5udOV3aY1IaMLs6pGbH71nlCTA=="
  "resolved" "https://registry.npmjs.org/fs-minipass/-/fs-minipass-1.2.7.tgz"
  "version" "1.2.7"
  dependencies:
    "minipass" "^2.6.0"

"fs.realpath@^1.0.0":
  "integrity" "sha1-FQStJSMVjKpA20onh8sBQRmU6k8="
  "resolved" "https://registry.npmjs.org/fs.realpath/-/fs.realpath-1.0.0.tgz"
  "version" "1.0.0"

"gauge@~2.7.3":
  "integrity" "sha1-LANAXHU4w51+s3sxcCLjJfsBi/c="
  "resolved" "https://registry.npmjs.org/gauge/-/gauge-2.7.4.tgz"
  "version" "2.7.4"
  dependencies:
    "aproba" "^1.0.3"
    "console-control-strings" "^1.0.0"
    "has-unicode" "^2.0.0"
    "object-assign" "^4.1.0"
    "signal-exit" "^3.0.0"
    "string-width" "^1.0.1"
    "strip-ansi" "^3.0.1"
    "wide-align" "^1.1.0"

"get-caller-file@^2.0.5":
  "integrity" "sha512-DyFP3BM/3YHTQOCUL/w0OZHR0lpKeGrxotcHWcqNEdnltqFwXVfhEBQ94eIo34AfQpo0rGki4cyIiftY06h2Fg=="
  "resolved" "https://registry.npmjs.org/get-caller-file/-/get-caller-file-2.0.5.tgz"
  "version" "2.0.5"

"glob@^7.1.3":
  "integrity" "sha512-LwaxwyZ72Lk7vZINtNNrywX0ZuLyStrdDtabefZKAY5ZGJhVtgdznluResxNmPitE0SAO+O26sWTHeKSI2wMBA=="
  "resolved" "https://registry.npmjs.org/glob/-/glob-7.1.6.tgz"
  "version" "7.1.6"
  dependencies:
    "fs.realpath" "^1.0.0"
    "inflight" "^1.0.4"
    "inherits" "2"
    "minimatch" "^3.0.4"
    "once" "^1.3.0"
    "path-is-absolute" "^1.0.0"

"google-protobuf@^3.9.2":
  "integrity" "sha512-p65NyhIZFHFUxbIPOm6cygg2rCjK+2uDCxruOG3RaWKM9R4rBGX0STmlJoSOhoyAG8Fha7U8FP4pQomAV1JXsA=="
  "resolved" "https://registry.npmjs.org/google-protobuf/-/google-protobuf-3.15.6.tgz"
  "version" "3.15.6"

"has-flag@^4.0.0":
  "integrity" "sha512-EykJT/Q1KjTWctppgIAgfSO0tKVuZUjhgMr17kqTumMl6Afv3EISleU7qZUzoXDFTAHTDC4NOoG/ZxU3EvlMPQ=="
  "resolved" "https://registry.npmjs.org/has-flag/-/has-flag-4.0.0.tgz"
  "version" "4.0.0"

"has-unicode@^2.0.0":
  "integrity" "sha1-4Ob+aijPUROIVeCG0Wkedx3iqLk="
  "resolved" "https://registry.npmjs.org/has-unicode/-/has-unicode-2.0.1.tgz"
  "version" "2.0.1"

"https-proxy-agent@^2.2.1":
  "integrity" "sha512-OmvfoQ53WLjtA9HeYP9RNrWMJzzAz1JGaSFr1nijg0PVR1JaD/xbJq1mdEIIlxGpXp9eSe/O2LgU9DJmTPd0Eg=="
  "resolved" "https://registry.npmjs.org/https-proxy-agent/-/https-proxy-agent-2.2.4.tgz"
  "version" "2.2.4"
  dependencies:
    "agent-base" "^4.3.0"
    "debug" "^3.1.0"

"iconv-lite@^0.4.4":
  "integrity" "sha512-v3MXnZAcvnywkTUEZomIActle7RXXeedOR31wwl7VlyoXO4Qi9arvSenNQWne1TcRwhCL1HwLI21bEqdpj8/rA=="
  "resolved" "https://registry.npmjs.org/iconv-lite/-/iconv-lite-0.4.24.tgz"
  "version" "0.4.24"
  dependencies:
    "safer-buffer" ">= 2.1.2 < 3"

"ignore-walk@^3.0.1":
  "integrity" "sha512-m7o6xuOaT1aqheYHKf8W6J5pYH85ZI9w077erOzLje3JsB1gkafkAhHHY19dqjulgIZHFm32Cp5uNZgcQqdJKw=="
  "resolved" "https://registry.npmjs.org/ignore-walk/-/ignore-walk-3.0.3.tgz"
  "version" "3.0.3"
  dependencies:
    "minimatch" "^3.0.4"

"inflight@^1.0.4":
  "integrity" "sha1-Sb1jMdfQLQwJvJEKEHW6gWW1bfk="
  "resolved" "https://registry.npmjs.org/inflight/-/inflight-1.0.6.tgz"
  "version" "1.0.6"
  dependencies:
    "once" "^1.3.0"
    "wrappy" "1"

"inherits@~2.0.3", "inherits@2":
  "integrity" "sha512-k/vGaX4/Yla3WzyMCvTQOXYeIHvqOKtnqBduzTHpzpQZzAskKMhZ2K+EnBiSM9zGSoIFeMpXKxa4dYeZIQqewQ=="
  "resolved" "https://registry.npmjs.org/inherits/-/inherits-2.0.4.tgz"
  "version" "2.0.4"

"ini@~1.3.0":
  "integrity" "sha512-JV/yugV2uzW5iMRSiZAyDtQd+nxtUnjeLt0acNdw98kKLrvuRVyB80tsREOE7yvGVgalhZ6RNXCmEHkUKBKxew=="
  "resolved" "https://registry.npmjs.org/ini/-/ini-1.3.8.tgz"
  "version" "1.3.8"

"is-fullwidth-code-point@^1.0.0":
  "integrity" "sha1-754xOG8DGn8NZDr4L95QxFfvAMs="
  "resolved" "https://registry.npmjs.org/is-fullwidth-code-point/-/is-fullwidth-code-point-1.0.0.tgz"
  "version" "1.0.0"
  dependencies:
    "number-is-nan" "^1.0.0"

"is-fullwidth-code-point@^2.0.0":
  "integrity" "sha1-o7MKXE8ZkYMWeqq5O+764937ZU8="
  "resolved" "https://registry.npmjs.org/is-fullwidth-code-point/-/is-fullwidth-code-point-2.0.0.tgz"
  "version" "2.0.0"

"is-fullwidth-code-point@^3.0.0":
  "integrity" "sha512-zymm5+u+sCsSWyD9qNaejV3DFvhCKclKdizYaJUuHA83RLjb7nSuGnddCHGv0hk+KY7BMAlsWeK4Ueg6EV6XQg=="
  "resolved" "https://registry.npmjs.org/is-fullwidth-code-point/-/is-fullwidth-code-point-3.0.0.tgz"
  "version" "3.0.0"

"isarray@~1.0.0":
  "integrity" "sha1-u5NdSFgsuhaMBoNJV6VKPgcSTxE="
  "resolved" "https://registry.npmjs.org/isarray/-/isarray-1.0.0.tgz"
  "version" "1.0.0"

"jsnumpy@^1.1.10":
  "integrity" "sha512-wORQl65QpcMNc7tutjuCwQXEIgq4loVzKYep5bM9S4hs+lu1eZukwN3Fj2i36oKENWnZe0WkuX+kgUhc/5gjMA=="
  "resolved" "https://registry.npmjs.org/jsnumpy/-/jsnumpy-1.1.10.tgz"
  "version" "1.1.10"
  dependencies:
    "matrix_deep_clone" "^1.0.2"

"matrix_deep_clone@^1.0.2":
  "integrity" "sha1-2S0aTJoigSvn+tdq/99tu7QjH8Q="
  "resolved" "https://registry.npmjs.org/matrix_deep_clone/-/matrix_deep_clone-1.0.2.tgz"
  "version" "1.0.2"

"mime-db@1.46.0":
  "integrity" "sha512-svXaP8UQRZ5K7or+ZmfNhg2xX3yKDMUzqadsSqi4NCH/KomcH75MAMYAGVlvXn4+b/xOPhS3I2uHKRUzvjY7BQ=="
  "resolved" "https://registry.npmjs.org/mime-db/-/mime-db-1.46.0.tgz"
  "version" "1.46.0"

"mime-types@^2.1.12":
  "integrity" "sha512-Y/jMt/S5sR9OaqteJtslsFZKWOIIqMACsJSiHghlCAyhf7jfVYjKBmLiX8OgpWeW+fjJ2b+Az69aPFPkUOY6xQ=="
  "resolved" "https://registry.npmjs.org/mime-types/-/mime-types-2.1.29.tgz"
  "version" "2.1.29"
  dependencies:
    "mime-db" "1.46.0"

"minimatch@^3.0.4":
  "integrity" "sha512-yJHVQEhyqPLUTgt9B83PXu6W3rx4MvvHvSUvToogpwoGDOUQ+yDrR0HRot+yOCdCO7u4hX3pWft6kWBBcqh0UA=="
  "resolved" "https://registry.npmjs.org/minimatch/-/minimatch-3.0.4.tgz"
  "version" "3.0.4"
  dependencies:
    "brace-expansion" "^1.1.7"

"minimist@^1.2.0", "minimist@^1.2.5":
  "integrity" "sha512-FM9nNUYrRBAELZQT3xeZQ7fmMOBg6nWNmJKTcgsJeaLstP/UODVpGsr5OhXhhXg6f+qtJ8uiZ+PUxkDWcgIXLw=="
  "resolved" "https://registry.npmjs.org/minimist/-/minimist-1.2.5.tgz"
  "version" "1.2.5"

"minipass@^2.6.0", "minipass@^2.8.6", "minipass@^2.9.0":
  "integrity" "sha512-wxfUjg9WebH+CUDX/CdbRlh5SmfZiy/hpkxaRI16Y9W56Pa75sWgd/rvFilSgrauD9NyFymP/+JFV3KwzIsJeg=="
  "resolved" "https://registry.npmjs.org/minipass/-/minipass-2.9.0.tgz"
  "version" "2.9.0"
  dependencies:
    "safe-buffer" "^5.1.2"
    "yallist" "^3.0.0"

"minizlib@^1.2.1":
  "integrity" "sha512-6ZYMOEnmVsdCeTJVE0W9ZD+pVnE8h9Hma/iOwwRDsdQoePpoX56/8B6z3P9VNwppJuBKNRuFDRNRqRWexT9G9Q=="
  "resolved" "https://registry.npmjs.org/minizlib/-/minizlib-1.3.3.tgz"
  "version" "1.3.3"
  dependencies:
    "minipass" "^2.9.0"

"mkdirp@^0.5.0", "mkdirp@^0.5.1":
  "integrity" "sha512-NKmAlESf6jMGym1++R0Ra7wvhV+wFW63FaSOFPwRahvea0gMUcGUhVeAg/0BC0wiv9ih5NYPB1Wn1UEI1/L+xQ=="
  "resolved" "https://registry.npmjs.org/mkdirp/-/mkdirp-0.5.5.tgz"
  "version" "0.5.5"
  dependencies:
    "minimist" "^1.2.5"

"ms@^2.1.1":
  "integrity" "sha512-6FlzubTLZG3J2a/NVCAleEhjzq5oxgHyaCU9yYXvcLsvoVaHJq/s5xXI6/XXP6tz7R9xAOtHnSO/tXtF3WRTlA=="
  "resolved" "https://registry.npmjs.org/ms/-/ms-2.1.3.tgz"
  "version" "2.1.3"

"needle@^2.2.1":
  "integrity" "sha512-KKYdza4heMsEfSWD7VPUIz3zX2XDwOyX2d+geb4vrERZMT5RMU6ujjaD+I5Yr54uZxQ2w6XRTAhHBbSCyovZBg=="
  "resolved" "https://registry.npmjs.org/needle/-/needle-2.6.0.tgz"
  "version" "2.6.0"
  dependencies:
    "debug" "^3.2.6"
    "iconv-lite" "^0.4.4"
    "sax" "^1.2.4"

"node-fetch@~2.6.1":
  "integrity" "sha512-V4aYg89jEoVRxRb2fJdAg8FHvI7cEyYdVAh94HH0UIK8oJxUfkjlDQN9RbMx+bEjP7+ggMiFRprSti032Oipxw=="
  "resolved" "https://registry.npmjs.org/node-fetch/-/node-fetch-2.6.1.tgz"
  "version" "2.6.1"

"node-pre-gyp@0.14.0":
  "integrity" "sha512-+CvDC7ZttU/sSt9rFjix/P05iS43qHCOOGzcr3Ry99bXG7VX953+vFyEuph/tfqoYu8dttBkE86JSKBO2OzcxA=="
  "resolved" "https://registry.npmjs.org/node-pre-gyp/-/node-pre-gyp-0.14.0.tgz"
  "version" "0.14.0"
  dependencies:
    "detect-libc" "^1.0.2"
    "mkdirp" "^0.5.1"
    "needle" "^2.2.1"
    "nopt" "^4.0.1"
    "npm-packlist" "^1.1.6"
    "npmlog" "^4.0.2"
    "rc" "^1.2.7"
    "rimraf" "^2.6.1"
    "semver" "^5.3.0"
    "tar" "^4.4.2"

"nopt@^4.0.1":
  "integrity" "sha512-CvaGwVMztSMJLOeXPrez7fyfObdZqNUK1cPAEzLHrTybIua9pMdmmPR5YwtfNftIOMv3DPUhFaxsZMNTQO20Kg=="
  "resolved" "https://registry.npmjs.org/nopt/-/nopt-4.0.3.tgz"
  "version" "4.0.3"
  dependencies:
    "abbrev" "1"
    "osenv" "^0.1.4"

"npm-bundled@^1.0.1":
  "integrity" "sha512-gqkfgGePhTpAEgUsGEgcq1rqPXA+tv/aVBlgEzfXwA1yiUJF7xtEt3CtVwOjNYQOVknDk0F20w58Fnm3EtG0fA=="
  "resolved" "https://registry.npmjs.org/npm-bundled/-/npm-bundled-1.1.1.tgz"
  "version" "1.1.1"
  dependencies:
    "npm-normalize-package-bin" "^1.0.1"

"npm-normalize-package-bin@^1.0.1":
  "integrity" "sha512-EPfafl6JL5/rU+ot6P3gRSCpPDW5VmIzX959Ob1+ySFUuuYHWHekXpwdUZcKP5C+DS4GEtdJluwBjnsNDl+fSA=="
  "resolved" "https://registry.npmjs.org/npm-normalize-package-bin/-/npm-normalize-package-bin-1.0.1.tgz"
  "version" "1.0.1"

"npm-packlist@^1.1.6":
  "integrity" "sha512-5+AZgwru5IevF5ZdnFglB5wNlHG1AOOuw28WhUq8/8emhBmLv6jX5by4WJCh7lW0uSYZYS6DXqIsyZVIXRZU9A=="
  "resolved" "https://registry.npmjs.org/npm-packlist/-/npm-packlist-1.4.8.tgz"
  "version" "1.4.8"
  dependencies:
    "ignore-walk" "^3.0.1"
    "npm-bundled" "^1.0.1"
    "npm-normalize-package-bin" "^1.0.1"

"npmlog@^4.0.2":
  "integrity" "sha512-2uUqazuKlTaSI/dC8AzicUck7+IrEaOnN/e0jd3Xtt1KcGpwx30v50mL7oPyr/h9bL3E4aZccVwpwP+5W9Vjkg=="
  "resolved" "https://registry.npmjs.org/npmlog/-/npmlog-4.1.2.tgz"
  "version" "4.1.2"
  dependencies:
    "are-we-there-yet" "~1.1.2"
    "console-control-strings" "~1.1.0"
    "gauge" "~2.7.3"
    "set-blocking" "~2.0.0"

"number-is-nan@^1.0.0":
  "integrity" "sha1-CXtgK1NCKlIsGvuHkDGDNpQaAR0="
  "resolved" "https://registry.npmjs.org/number-is-nan/-/number-is-nan-1.0.1.tgz"
  "version" "1.0.1"

"object-assign@^4.1.0":
  "integrity" "sha1-IQmtx5ZYh8/AXLvUQsrIv7s2CGM="
  "resolved" "https://registry.npmjs.org/object-assign/-/object-assign-4.1.1.tgz"
  "version" "4.1.1"

"once@^1.3.0":
  "integrity" "sha1-WDsap3WWHUsROsF9nFC6753Xa9E="
  "resolved" "https://registry.npmjs.org/once/-/once-1.4.0.tgz"
  "version" "1.4.0"
  dependencies:
    "wrappy" "1"

"os-homedir@^1.0.0":
  "integrity" "sha1-/7xJiDNuDoM94MFox+8VISGqf7M="
  "resolved" "https://registry.npmjs.org/os-homedir/-/os-homedir-1.0.2.tgz"
  "version" "1.0.2"

"os-tmpdir@^1.0.0":
  "integrity" "sha1-u+Z0BseaqFxc/sdm/lc0VV36EnQ="
  "resolved" "https://registry.npmjs.org/os-tmpdir/-/os-tmpdir-1.0.2.tgz"
  "version" "1.0.2"

"osenv@^0.1.4":
  "integrity" "sha512-0CWcCECdMVc2Rw3U5w9ZjqX6ga6ubk1xDVKxtBQPK7wis/0F2r9T6k4ydGYhecl7YUBxBVxhL5oisPsNxAPe2g=="
  "resolved" "https://registry.npmjs.org/osenv/-/osenv-0.1.5.tgz"
  "version" "0.1.5"
  dependencies:
    "os-homedir" "^1.0.0"
    "os-tmpdir" "^1.0.0"

"path-is-absolute@^1.0.0":
  "integrity" "sha1-F0uSaHNVNP+8es5r9TpanhtcX18="
  "resolved" "https://registry.npmjs.org/path-is-absolute/-/path-is-absolute-1.0.1.tgz"
  "version" "1.0.1"

"process-nextick-args@~2.0.0":
  "integrity" "sha512-3ouUOpQhtgrbOa17J7+uxOTpITYWaGP7/AhoR3+A+/1e9skrzelGi/dXzEYyvbxubEF6Wn2ypscTKiKJFFn1ag=="
  "resolved" "https://registry.npmjs.org/process-nextick-args/-/process-nextick-args-2.0.1.tgz"
  "version" "2.0.1"

"progress@^2.0.0":
  "integrity" "sha512-7PiHtLll5LdnKIMw100I+8xJXR5gW2QwWYkT6iJva0bXitZKa/XMrSbdmg3r2Xnaidz9Qumd0VPaMrZlF9V9sA=="
  "resolved" "https://registry.npmjs.org/progress/-/progress-2.0.3.tgz"
  "version" "2.0.3"

"rc@^1.2.7":
  "integrity" "sha512-y3bGgqKj3QBdxLbLkomlohkvsA8gdAiUQlSBJnBhfn+BPxg4bc62d8TcBW15wavDfgexCgccckhcZvywyQYPOw=="
  "resolved" "https://registry.npmjs.org/rc/-/rc-1.2.8.tgz"
  "version" "1.2.8"
  dependencies:
    "deep-extend" "^0.6.0"
    "ini" "~1.3.0"
    "minimist" "^1.2.0"
    "strip-json-comments" "~2.0.1"

"readable-stream@^2.0.6":
  "integrity" "sha512-Ebho8K4jIbHAxnuxi7o42OrZgF/ZTNcsZj6nRKyUmkhLFq8CHItp/fy6hQZuZmP/n3yZ9VBUbp4zz/mX8hmYPw=="
  "resolved" "https://registry.npmjs.org/readable-stream/-/readable-stream-2.3.7.tgz"
  "version" "2.3.7"
  dependencies:
    "core-util-is" "~1.0.0"
    "inherits" "~2.0.3"
    "isarray" "~1.0.0"
    "process-nextick-args" "~2.0.0"
    "safe-buffer" "~5.1.1"
    "string_decoder" "~1.1.1"
    "util-deprecate" "~1.0.1"

"regenerator-runtime@^0.13.5":
  "integrity" "sha512-a54FxoJDIr27pgf7IgeQGxmqUNYrcV338lf/6gH456HZ/PhX+5BcwHXG9ajESmwe6WRO0tAzRUrRmNONWgkrew=="
  "resolved" "https://registry.npmjs.org/regenerator-runtime/-/regenerator-runtime-0.13.7.tgz"
  "version" "0.13.7"

"require-directory@^2.1.1":
  "integrity" "sha1-jGStX9MNqxyXbiNE/+f3kqam30I="
  "resolved" "https://registry.npmjs.org/require-directory/-/require-directory-2.1.1.tgz"
  "version" "2.1.1"

"rimraf@^2.6.1", "rimraf@^2.6.2":
  "integrity" "sha512-uWjbaKIK3T1OSVptzX7Nl6PvQ3qAGtKEtVRjRuazjfL3Bx5eI409VZSqgND+4UNnmzLVdPj9FqFJNPqBZFve4w=="
  "resolved" "https://registry.npmjs.org/rimraf/-/rimraf-2.7.1.tgz"
  "version" "2.7.1"
  dependencies:
    "glob" "^7.1.3"

"rita@^2.4.86":
  "integrity" "sha512-7GG3O1ytnaWabJuLaTT9/kbQQTP1G6VuWbBEpuGm6hke84Y1s4oqo2kVtXGV7DSZ5dv8LoXRNGOLWhscZ8hmlw=="
  "resolved" "https://registry.npmjs.org/rita/-/rita-2.4.86.tgz"
  "version" "2.4.86"

"safe-buffer@^5.1.2", "safe-buffer@~5.1.0", "safe-buffer@~5.1.1":
  "integrity" "sha512-Gd2UZBJDkXlY7GbJxfsE8/nvKkUEU1G38c1siN6QP6a9PT9MmHB8GnpscSmMJSoF8LOIrt8ud/wPtojys4G6+g=="
  "resolved" "https://registry.npmjs.org/safe-buffer/-/safe-buffer-5.1.2.tgz"
  "version" "5.1.2"

"safer-buffer@>= 2.1.2 < 3":
  "integrity" "sha512-YZo3K82SD7Riyi0E1EQPojLz7kpepnSQI9IyPbHHg1XXXevb5dJI7tpyN2ADxGcQbHG7vcyRHk0cbwqcQriUtg=="
  "resolved" "https://registry.npmjs.org/safer-buffer/-/safer-buffer-2.1.2.tgz"
  "version" "2.1.2"

"sax@^1.2.4":
  "integrity" "sha512-NqVDv9TpANUjFm0N8uM5GxL36UgKi9/atZw+x7YFnQ8ckwFGKrl4xX4yWtrey3UJm5nP1kUbnYgLopqWNSRhWw=="
  "resolved" "https://registry.npmjs.org/sax/-/sax-1.2.4.tgz"
  "version" "1.2.4"

"seedrandom@~2.4.3", "seedrandom@2.4.3":
  "integrity" "sha1-JDhQTa0zkXMUv/GKxNeU8W1qrsw="
  "resolved" "https://registry.npmjs.org/seedrandom/-/seedrandom-2.4.3.tgz"
  "version" "2.4.3"

"semver@^5.3.0":
  "integrity" "sha512-sauaDf/PZdVgrLTNYHRtpXa1iRiKcaebiKQ1BJdpQlWH2lCvexQdX55snPFyK7QzpudqbCI0qXFfOasHdyNDGQ=="
  "resolved" "https://registry.npmjs.org/semver/-/semver-5.7.1.tgz"
  "version" "5.7.1"

"set-blocking@~2.0.0":
  "integrity" "sha1-BF+XgtARrppoA93TgrJDkrPYkPc="
  "resolved" "https://registry.npmjs.org/set-blocking/-/set-blocking-2.0.0.tgz"
  "version" "2.0.0"

"signal-exit@^3.0.0":
  "integrity" "sha512-VUJ49FC8U1OxwZLxIbTTrDvLnf/6TDgxZcK8wxR8zs13xpx7xbG60ndBlhNrFi2EMuFRoeDoJO7wthSLq42EjA=="
  "resolved" "https://registry.npmjs.org/signal-exit/-/signal-exit-3.0.3.tgz"
  "version" "3.0.3"

"sprintf-js@~1.0.2":
  "integrity" "sha1-BOaSb2YolTVPPdAVIDYzuFcpfiw="
  "resolved" "https://registry.npmjs.org/sprintf-js/-/sprintf-js-1.0.3.tgz"
  "version" "1.0.3"

"string_decoder@~1.1.1":
  "integrity" "sha512-n/ShnvDi6FHbbVfviro+WojiFzv+s8MPMHBczVePfUpDJLwoLT0ht1l4YwBCbi8pJAveEEdnkHyPyTP/mzRfwg=="
  "resolved" "https://registry.npmjs.org/string_decoder/-/string_decoder-1.1.1.tgz"
  "version" "1.1.1"
  dependencies:
    "safe-buffer" "~5.1.0"

"string-width@^1.0.1":
  "integrity" "sha1-EYvfW4zcUaKn5w0hHgfisLmxB9M="
  "resolved" "https://registry.npmjs.org/string-width/-/string-width-1.0.2.tgz"
  "version" "1.0.2"
  dependencies:
    "code-point-at" "^1.0.0"
    "is-fullwidth-code-point" "^1.0.0"
    "strip-ansi" "^3.0.0"

"string-width@^1.0.2 || 2":
  "integrity" "sha512-nOqH59deCq9SRHlxq1Aw85Jnt4w6KvLKqWVik6oA9ZklXLNIOlqg4F2yrT1MVaTjAqvVwdfeZ7w7aCvJD7ugkw=="
  "resolved" "https://registry.npmjs.org/string-width/-/string-width-2.1.1.tgz"
  "version" "2.1.1"
  dependencies:
    "is-fullwidth-code-point" "^2.0.0"
    "strip-ansi" "^4.0.0"

"string-width@^4.1.0", "string-width@^4.2.0":
  "integrity" "sha512-XBJbT3N4JhVumXE0eoLU9DCjcaF92KLNqTmFCnG1pf8duUxFGwtP6AD6nkjw9a3IdiRtL3E2w3JDiE/xi3vOeA=="
  "resolved" "https://registry.npmjs.org/string-width/-/string-width-4.2.2.tgz"
  "version" "4.2.2"
  dependencies:
    "emoji-regex" "^8.0.0"
    "is-fullwidth-code-point" "^3.0.0"
    "strip-ansi" "^6.0.0"

"strip-ansi@^3.0.0", "strip-ansi@^3.0.1":
  "integrity" "sha1-ajhfuIU9lS1f8F0Oiq+UJ43GPc8="
  "resolved" "https://registry.npmjs.org/strip-ansi/-/strip-ansi-3.0.1.tgz"
  "version" "3.0.1"
  dependencies:
    "ansi-regex" "^2.0.0"

"strip-ansi@^4.0.0":
  "integrity" "sha1-qEeQIusaw2iocTibY1JixQXuNo8="
  "resolved" "https://registry.npmjs.org/strip-ansi/-/strip-ansi-4.0.0.tgz"
  "version" "4.0.0"
  dependencies:
    "ansi-regex" "^3.0.0"

"strip-ansi@^6.0.0":
  "integrity" "sha512-AuvKTrTfQNYNIctbR1K/YGTR1756GycPsg7b9bdV9Duqur4gv6aKqHXah67Z8ImS7WEz5QVcOtlfW2rZEugt6w=="
  "resolved" "https://registry.npmjs.org/strip-ansi/-/strip-ansi-6.0.0.tgz"
  "version" "6.0.0"
  dependencies:
    "ansi-regex" "^5.0.0"

"strip-json-comments@~2.0.1":
  "integrity" "sha1-PFMZQukIwml8DsNEhYwobHygpgo="
  "resolved" "https://registry.npmjs.org/strip-json-comments/-/strip-json-comments-2.0.1.tgz"
  "version" "2.0.1"

"supports-color@^7.1.0":
  "integrity" "sha512-qpCAvRl9stuOHveKsn7HncJRvv501qIacKzQlO/+Lwxc9+0q2wLyv4Dfvt80/DPn2pqOBsJdDiogXGR9+OvwRw=="
  "resolved" "https://registry.npmjs.org/supports-color/-/supports-color-7.2.0.tgz"
  "version" "7.2.0"
  dependencies:
    "has-flag" "^4.0.0"

"tar@^4.4.2", "tar@^4.4.6":
  "integrity" "sha512-w2VwSrBoHa5BsSyH+KxEqeQBAllHhccyMFVHtGtdMpF4W7IRWfZjFiQceJPChOeTsSDVUpER2T8FA93pr0L+QA=="
  "resolved" "https://registry.npmjs.org/tar/-/tar-4.4.13.tgz"
  "version" "4.4.13"
  dependencies:
    "chownr" "^1.1.1"
    "fs-minipass" "^1.2.5"
    "minipass" "^2.8.6"
    "minizlib" "^1.2.1"
    "mkdirp" "^0.5.0"
    "safe-buffer" "^5.1.2"
    "yallist" "^3.0.3"

"util-deprecate@~1.0.1":
  "integrity" "sha1-RQ1Nyfpw3nMnYvvS1KKJgUGaDM8="
  "resolved" "https://registry.npmjs.org/util-deprecate/-/util-deprecate-1.0.2.tgz"
  "version" "1.0.2"

"validate.io-array@^1.0.3", "validate.io-array@^1.0.5":
  "integrity" "sha1-W1osr9j4uFq7L4hroVPy2Tond00="
  "resolved" "https://registry.npmjs.org/validate.io-array/-/validate.io-array-1.0.6.tgz"
  "version" "1.0.6"

"validate.io-function@^1.0.2":
  "integrity" "sha1-NDoZgC7TsZaCaceA5VjpNBHAutc="
  "resolved" "https://registry.npmjs.org/validate.io-function/-/validate.io-function-1.0.2.tgz"
  "version" "1.0.2"

"wide-align@^1.1.0":
  "integrity" "sha512-QGkOQc8XL6Bt5PwnsExKBPuMKBxnGxWWW3fU55Xt4feHozMUhdUMaBCk290qpm/wG5u/RSKzwdAC4i51YigihA=="
  "resolved" "https://registry.npmjs.org/wide-align/-/wide-align-1.1.3.tgz"
  "version" "1.1.3"
  dependencies:
    "string-width" "^1.0.2 || 2"

"wrap-ansi@^7.0.0":
  "integrity" "sha512-YVGIj2kamLSTxw6NsZjoBxfSwsn0ycdesmc4p+Q21c5zPuZ1pl+NfxVdxPtdHvmNVOQ6XSYG4AUtyt/Fi7D16Q=="
  "resolved" "https://registry.npmjs.org/wrap-ansi/-/wrap-ansi-7.0.0.tgz"
  "version" "7.0.0"
  dependencies:
    "ansi-styles" "^4.0.0"
    "string-width" "^4.1.0"
    "strip-ansi" "^6.0.0"

"wrappy@1":
  "integrity" "sha1-tSQ9jz7BqjXxNkYFvA0QNuMKtp8="
  "resolved" "https://registry.npmjs.org/wrappy/-/wrappy-1.0.2.tgz"
  "version" "1.0.2"

"y18n@^5.0.5":
  "integrity" "sha512-hsRUr4FFrvhhRH12wOdfs38Gy7k2FFzB9qgN9v3aLykRq0dRcdcpz5C9FxdS2NuhOrI/628b/KSTJ3rwHysYSg=="
  "resolved" "https://registry.npmjs.org/y18n/-/y18n-5.0.5.tgz"
  "version" "5.0.5"

"yallist@^3.0.0", "yallist@^3.0.3":
  "integrity" "sha512-a4UGQaWPH59mOXUYnAG2ewncQS4i4F43Tv3JoAM+s2VDAmS9NsK8GpDMLrCHPksFT7h3K6TOoUNn2pb7RoXx4g=="
  "resolved" "https://registry.npmjs.org/yallist/-/yallist-3.1.1.tgz"
  "version" "3.1.1"

"yargs-parser@^20.2.2":
  "integrity" "sha512-FiNkvbeHzB/syOjIUxFDCnhSfzAL8R5vs40MgLFBorXACCOAEaWu0gRZl14vG8MR9AOJIZbmkjhusqBYZ3HTHw=="
  "resolved" "https://registry.npmjs.org/yargs-parser/-/yargs-parser-20.2.7.tgz"
  "version" "20.2.7"

"yargs@^16.0.3":
  "integrity" "sha512-D1mvvtDG0L5ft/jGWkLpG1+m0eQxOfaBvTNELraWj22wSVUMWxZUvYgJYcKh6jGGIkJFhH4IZPQhR4TKpc8mBw=="
  "resolved" "https://registry.npmjs.org/yargs/-/yargs-16.2.0.tgz"
  "version" "16.2.0"
  dependencies:
    "cliui" "^7.0.2"
    "escalade" "^3.1.1"
    "get-caller-file" "^2.0.5"
    "require-directory" "^2.1.1"
    "string-width" "^4.2.0"
    "y18n" "^5.0.5"
    "yargs-parser" "^20.2.2"
